
Microsoft Visual Studio Solution File, Format Version 12.00
# Visual Studio 15
VisualStudioVersion = 15.0.26124.0
MinimumVisualStudioVersion = 15.0.26124.0
Project("{FAE04EC0-301F-11D3-BF4B-00C04F79EFBC}") = "Domain", "Domain\Domain.csproj", "{3BB83D43-25AB-4272-8EEA-7B09C25B1867}"
EndProject
Project("{FAE04EC0-301F-11D3-BF4B-00C04F79EFBC}") = "Application", "Application\Application.csproj", "{226EB531-F5D7-4221-9B9C-151055919AC0}"
EndProject
Project("{FAE04EC0-301F-11D3-BF4B-00C04F79EFBC}") = "Persistence", "Persistence\Persistence.csproj", "{7609C90A-9016-4DE2-9B73-679B545483D8}"
EndProject
Project("{FAE04EC0-301F-11D3-BF4B-00C04F79EFBC}") = "API", "API\API.csproj", "{9C0A2316-E1AF-4436-AAB8-FACD415B085D}"
EndProject
Global
	GlobalSection(SolutionConfigurationPlatforms) = preSolution
		Debug|Any CPU = Debug|Any CPU
		Debug|x64 = Debug|x64
		Debug|x86 = Debug|x86
		Release|Any CPU = Release|Any CPU
		Release|x64 = Release|x64
		Release|x86 = Release|x86
	EndGlobalSection
	GlobalSection(SolutionProperties) = preSolution
		HideSolutionNode = FALSE
	EndGlobalSection
	GlobalSection(ProjectConfigurationPlatforms) = postSolution
		{3BB83D43-25AB-4272-8EEA-7B09C25B1867}.Debug|Any CPU.ActiveCfg = Debug|Any CPU
		{3BB83D43-25AB-4272-8EEA-7B09C25B1867}.Debug|Any CPU.Build.0 = Debug|Any CPU
		{3BB83D43-25AB-4272-8EEA-7B09C25B1867}.Debug|x64.ActiveCfg = Debug|Any CPU
		{3BB83D43-25AB-4272-8EEA-7B09C25B1867}.Debug|x64.Build.0 = Debug|Any CPU
		{3BB83D43-25AB-4272-8EEA-7B09C25B1867}.Debug|x86.ActiveCfg = Debug|Any CPU
		{3BB83D43-25AB-4272-8EEA-7B09C25B1867}.Debug|x86.Build.0 = Debug|Any CPU
		{3BB83D43-25AB-4272-8EEA-7B09C25B1867}.Release|Any CPU.ActiveCfg = Release|Any CPU
		{3BB83D43-25AB-4272-8EEA-7B09C25B1867}.Release|Any CPU.Build.0 = Release|Any CPU
		{3BB83D43-25AB-4272-8EEA-7B09C25B1867}.Release|x64.ActiveCfg = Release|Any CPU
		{3BB83D43-25AB-4272-8EEA-7B09C25B1867}.Release|x64.Build.0 = Release|Any CPU
		{3BB83D43-25AB-4272-8EEA-7B09C25B1867}.Release|x86.ActiveCfg = Release|Any CPU
		{3BB83D43-25AB-4272-8EEA-7B09C25B1867}.Release|x86.Build.0 = Release|Any CPU
		{226EB531-F5D7-4221-9B9C-151055919AC0}.Debug|Any CPU.ActiveCfg = Debug|Any CPU
		{226EB531-F5D7-4221-9B9C-151055919AC0}.Debug|Any CPU.Build.0 = Debug|Any CPU
		{226EB531-F5D7-4221-9B9C-151055919AC0}.Debug|x64.ActiveCfg = Debug|Any CPU
		{226EB531-F5D7-4221-9B9C-151055919AC0}.Debug|x64.Build.0 = Debug|Any CPU
		{226EB531-F5D7-4221-9B9C-151055919AC0}.Debug|x86.ActiveCfg = Debug|Any CPU
		{226EB531-F5D7-4221-9B9C-151055919AC0}.Debug|x86.Build.0 = Debug|Any CPU
		{226EB531-F5D7-4221-9B9C-151055919AC0}.Release|Any CPU.ActiveCfg = Release|Any CPU
		{226EB531-F5D7-4221-9B9C-151055919AC0}.Release|Any CPU.Build.0 = Release|Any CPU
		{226EB531-F5D7-4221-9B9C-151055919AC0}.Release|x64.ActiveCfg = Release|Any CPU
		{226EB531-F5D7-4221-9B9C-151055919AC0}.Release|x64.Build.0 = Release|Any CPU
		{226EB531-F5D7-4221-9B9C-151055919AC0}.Release|x86.ActiveCfg = Release|Any CPU
		{226EB531-F5D7-4221-9B9C-151055919AC0}.Release|x86.Build.0 = Release|Any CPU
		{7609C90A-9016-4DE2-9B73-679B545483D8}.Debug|Any CPU.ActiveCfg = Debug|Any CPU
		{7609C90A-9016-4DE2-9B73-679B545483D8}.Debug|Any CPU.Build.0 = Debug|Any CPU
		{7609C90A-9016-4DE2-9B73-679B545483D8}.Debug|x64.ActiveCfg = Debug|Any CPU
		{7609C90A-9016-4DE2-9B73-679B545483D8}.Debug|x64.Build.0 = Debug|Any CPU
		{7609C90A-9016-4DE2-9B73-679B545483D8}.Debug|x86.ActiveCfg = Debug|Any CPU
		{7609C90A-9016-4DE2-9B73-679B545483D8}.Debug|x86.Build.0 = Debug|Any CPU
		{7609C90A-9016-4DE2-9B73-679B545483D8}.Release|Any CPU.ActiveCfg = Release|Any CPU
		{7609C90A-9016-4DE2-9B73-679B545483D8}.Release|Any CPU.Build.0 = Release|Any CPU
		{7609C90A-9016-4DE2-9B73-679B545483D8}.Release|x64.ActiveCfg = Release|Any CPU
		{7609C90A-9016-4DE2-9B73-679B545483D8}.Release|x64.Build.0 = Release|Any CPU
		{7609C90A-9016-4DE2-9B73-679B545483D8}.Release|x86.ActiveCfg = Release|Any CPU
		{7609C90A-9016-4DE2-9B73-679B545483D8}.Release|x86.Build.0 = Release|Any CPU
		{9C0A2316-E1AF-4436-AAB8-FACD415B085D}.Debug|Any CPU.ActiveCfg = Debug|Any CPU
		{9C0A2316-E1AF-4436-AAB8-FACD415B085D}.Debug|Any CPU.Build.0 = Debug|Any CPU
		{9C0A2316-E1AF-4436-AAB8-FACD415B085D}.Debug|x64.ActiveCfg = Debug|Any CPU
		{9C0A2316-E1AF-4436-AAB8-FACD415B085D}.Debug|x64.Build.0 = Debug|Any CPU
		{9C0A2316-E1AF-4436-AAB8-FACD415B085D}.Debug|x86.ActiveCfg = Debug|Any CPU
		{9C0A2316-E1AF-4436-AAB8-FACD415B085D}.Debug|x86.Build.0 = Debug|Any CPU
		{9C0A2316-E1AF-4436-AAB8-FACD415B085D}.Release|Any CPU.ActiveCfg = Release|Any CPU
		{9C0A2316-E1AF-4436-AAB8-FACD415B085D}.Release|Any CPU.Build.0 = Release|Any CPU
		{9C0A2316-E1AF-4436-AAB8-FACD415B085D}.Release|x64.ActiveCfg = Release|Any CPU
		{9C0A2316-E1AF-4436-AAB8-FACD415B085D}.Release|x64.Build.0 = Release|Any CPU
		{9C0A2316-E1AF-4436-AAB8-FACD415B085D}.Release|x86.ActiveCfg = Release|Any CPU
		{9C0A2316-E1AF-4436-AAB8-FACD415B085D}.Release|x86.Build.0 = Release|Any CPU
	EndGlobalSection
EndGlobal
